
Microsoft Visual Studio Solution File, Format Version 12.00
# Visual Studio Version 17
VisualStudioVersion = 17.0.31903.59
MinimumVisualStudioVersion = 10.0.40219.1
Project("{2150E333-8FDC-42A3-9474-1A3956D46DE8}") = "src", "src", "{B260B478-E00D-488C-B571-767F9C8EF9BC}"
EndProject
Project("{FAE04EC0-301F-11D3-BF4B-00C04F79EFBC}") = "Invex.Aplicacao", "src\Invex.Aplicacao\Invex.Aplicacao.csproj", "{9FEF640B-D193-4FE7-A598-CA0204B211E0}"
EndProject
Project("{FAE04EC0-301F-11D3-BF4B-00C04F79EFBC}") = "Invex.Dominio", "src\Invex.Dominio\Invex.Dominio.csproj", "{36699004-048E-4D10-ABBC-99B1F519B519}"
EndProject
Project("{FAE04EC0-301F-11D3-BF4B-00C04F79EFBC}") = "Invex.Repositorio", "src\Invex.Repositorio\Invex.Repositorio.csproj", "{98EB92B1-83AE-48C8-9E70-B94CFB553340}"
EndProject
Project("{FAE04EC0-301F-11D3-BF4B-00C04F79EFBC}") = "Invex.Api", "src\Invex.Api\Invex.Api.csproj", "{526D2510-010A-4BDE-B5B6-D16AE582FD0B}"
EndProject
Global
	GlobalSection(SolutionConfigurationPlatforms) = preSolution
		Debug|Any CPU = Debug|Any CPU
		Release|Any CPU = Release|Any CPU
	EndGlobalSection
	GlobalSection(SolutionProperties) = preSolution
		HideSolutionNode = FALSE
	EndGlobalSection
	GlobalSection(ProjectConfigurationPlatforms) = postSolution
		{9FEF640B-D193-4FE7-A598-CA0204B211E0}.Debug|Any CPU.ActiveCfg = Debug|Any CPU
		{9FEF640B-D193-4FE7-A598-CA0204B211E0}.Debug|Any CPU.Build.0 = Debug|Any CPU
		{9FEF640B-D193-4FE7-A598-CA0204B211E0}.Release|Any CPU.ActiveCfg = Release|Any CPU
		{9FEF640B-D193-4FE7-A598-CA0204B211E0}.Release|Any CPU.Build.0 = Release|Any CPU
		{36699004-048E-4D10-ABBC-99B1F519B519}.Debug|Any CPU.ActiveCfg = Debug|Any CPU
		{36699004-048E-4D10-ABBC-99B1F519B519}.Debug|Any CPU.Build.0 = Debug|Any CPU
		{36699004-048E-4D10-ABBC-99B1F519B519}.Release|Any CPU.ActiveCfg = Release|Any CPU
		{36699004-048E-4D10-ABBC-99B1F519B519}.Release|Any CPU.Build.0 = Release|Any CPU
		{98EB92B1-83AE-48C8-9E70-B94CFB553340}.Debug|Any CPU.ActiveCfg = Debug|Any CPU
		{98EB92B1-83AE-48C8-9E70-B94CFB553340}.Debug|Any CPU.Build.0 = Debug|Any CPU
		{98EB92B1-83AE-48C8-9E70-B94CFB553340}.Release|Any CPU.ActiveCfg = Release|Any CPU
		{98EB92B1-83AE-48C8-9E70-B94CFB553340}.Release|Any CPU.Build.0 = Release|Any CPU
		{526D2510-010A-4BDE-B5B6-D16AE582FD0B}.Debug|Any CPU.ActiveCfg = Debug|Any CPU
		{526D2510-010A-4BDE-B5B6-D16AE582FD0B}.Debug|Any CPU.Build.0 = Debug|Any CPU
		{526D2510-010A-4BDE-B5B6-D16AE582FD0B}.Release|Any CPU.ActiveCfg = Release|Any CPU
		{526D2510-010A-4BDE-B5B6-D16AE582FD0B}.Release|Any CPU.Build.0 = Release|Any CPU
	EndGlobalSection
	GlobalSection(NestedProjects) = preSolution
		{9FEF640B-D193-4FE7-A598-CA0204B211E0} = {B260B478-E00D-488C-B571-767F9C8EF9BC}
		{36699004-048E-4D10-ABBC-99B1F519B519} = {B260B478-E00D-488C-B571-767F9C8EF9BC}
		{98EB92B1-83AE-48C8-9E70-B94CFB553340} = {B260B478-E00D-488C-B571-767F9C8EF9BC}
		{526D2510-010A-4BDE-B5B6-D16AE582FD0B} = {B260B478-E00D-488C-B571-767F9C8EF9BC}
	EndGlobalSection
EndGlobal
